// !$*UTF8*$!
{
	archiveVersion = 1;
	classes = {
	};
	objectVersion = 46;
	objects = {

/* Begin PBXBuildFile section */
		A2920EDE1C2C2E9A007C5235 /* ResponseModel.m in Sources */ = {isa = PBXBuildFile; fileRef = A2920EDD1C2C2E9A007C5235 /* ResponseModel.m */; settings = {ASSET_TAGS = (); }; };
		A2920EE11C2C2F34007C5235 /* LinkModel.m in Sources */ = {isa = PBXBuildFile; fileRef = A2920EE01C2C2F34007C5235 /* LinkModel.m */; settings = {ASSET_TAGS = (); }; };
		A2920EE61C2C368D007C5235 /* RESTClientImpl.m in Sources */ = {isa = PBXBuildFile; fileRef = A2920EE51C2C368D007C5235 /* RESTClientImpl.m */; settings = {ASSET_TAGS = (); }; };
		A2A2BF531C2EB04900FF12D3 /* Constants.m in Sources */ = {isa = PBXBuildFile; fileRef = A2A2BF521C2EB04900FF12D3 /* Constants.m */; settings = {ASSET_TAGS = (); }; };
		A2DEFBD41C2F542600F256C2 /* RxMatch+NSString.m in Sources */ = {isa = PBXBuildFile; fileRef = A2DEFBD31C2F542600F256C2 /* RxMatch+NSString.m */; settings = {ASSET_TAGS = (); }; };
		A2F6F6761C23620E005E340D /* main.m in Sources */ = {isa = PBXBuildFile; fileRef = A2F6F6751C23620E005E340D /* main.m */; };
		A2F6F6791C23620E005E340D /* AppDelegate.m in Sources */ = {isa = PBXBuildFile; fileRef = A2F6F6781C23620E005E340D /* AppDelegate.m */; };
		A2F6F67C1C23620E005E340D /* ViewController.m in Sources */ = {isa = PBXBuildFile; fileRef = A2F6F67B1C23620E005E340D /* ViewController.m */; };
		A2F6F67F1C23620E005E340D /* Main.storyboard in Resources */ = {isa = PBXBuildFile; fileRef = A2F6F67D1C23620E005E340D /* Main.storyboard */; };
		A2F6F6811C23620E005E340D /* Assets.xcassets in Resources */ = {isa = PBXBuildFile; fileRef = A2F6F6801C23620E005E340D /* Assets.xcassets */; };
		A2F6F6841C23620E005E340D /* LaunchScreen.storyboard in Resources */ = {isa = PBXBuildFile; fileRef = A2F6F6821C23620E005E340D /* LaunchScreen.storyboard */; };
		A2F6F68F1C23620E005E340D /* Chat_AppTests.m in Sources */ = {isa = PBXBuildFile; fileRef = A2F6F68E1C23620E005E340D /* Chat_AppTests.m */; };
		B3B6AF6DAB8A7BBE60EF53BA /* libPods-Chat App.a in Frameworks */ = {isa = PBXBuildFile; fileRef = 9152EF9BC7B6B46B7161A25D /* libPods-Chat App.a */; };
/* End PBXBuildFile section */

/* Begin PBXContainerItemProxy section */
		A2F6F68B1C23620E005E340D /* PBXContainerItemProxy */ = {
			isa = PBXContainerItemProxy;
			containerPortal = A2F6F6691C23620E005E340D /* Project object */;
			proxyType = 1;
			remoteGlobalIDString = A2F6F6701C23620E005E340D;
			remoteInfo = "Chat App";
		};
/* End PBXContainerItemProxy section */

/* Begin PBXFileReference section */
		487047232F2A354FC3C190C5 /* Pods-Chat App.debug.xcconfig */ = {isa = PBXFileReference; includeInIndex = 1; lastKnownFileType = text.xcconfig; name = "Pods-Chat App.debug.xcconfig"; path = "Pods/Target Support Files/Pods-Chat App/Pods-Chat App.debug.xcconfig"; sourceTree = "<group>"; };
		9152EF9BC7B6B46B7161A25D /* libPods-Chat App.a */ = {isa = PBXFileReference; explicitFileType = archive.ar; includeInIndex = 0; path = "libPods-Chat App.a"; sourceTree = BUILT_PRODUCTS_DIR; };
		A2920EDC1C2C2E9A007C5235 /* ResponseModel.h */ = {isa = PBXFileReference; fileEncoding = 4; lastKnownFileType = sourcecode.c.h; name = ResponseModel.h; path = Models/ResponseModel.h; sourceTree = "<group>"; };
		A2920EDD1C2C2E9A007C5235 /* ResponseModel.m */ = {isa = PBXFileReference; fileEncoding = 4; lastKnownFileType = sourcecode.c.objc; name = ResponseModel.m; path = Models/ResponseModel.m; sourceTree = "<group>"; };
		A2920EDF1C2C2F34007C5235 /* LinkModel.h */ = {isa = PBXFileReference; fileEncoding = 4; lastKnownFileType = sourcecode.c.h; name = LinkModel.h; path = Models/LinkModel.h; sourceTree = "<group>"; };
		A2920EE01C2C2F34007C5235 /* LinkModel.m */ = {isa = PBXFileReference; fileEncoding = 4; lastKnownFileType = sourcecode.c.objc; name = LinkModel.m; path = Models/LinkModel.m; sourceTree = "<group>"; };
		A2920EE31C2C368D007C5235 /* RESTClient.h */ = {isa = PBXFileReference; fileEncoding = 4; lastKnownFileType = sourcecode.c.h; path = RESTClient.h; sourceTree = "<group>"; };
		A2920EE41C2C368D007C5235 /* RESTClientImpl.h */ = {isa = PBXFileReference; fileEncoding = 4; lastKnownFileType = sourcecode.c.h; path = RESTClientImpl.h; sourceTree = "<group>"; };
		A2920EE51C2C368D007C5235 /* RESTClientImpl.m */ = {isa = PBXFileReference; fileEncoding = 4; lastKnownFileType = sourcecode.c.objc; path = RESTClientImpl.m; sourceTree = "<group>"; };
		A2A2BF521C2EB04900FF12D3 /* Constants.m */ = {isa = PBXFileReference; fileEncoding = 4; lastKnownFileType = sourcecode.c.objc; name = Constants.m; path = Constants/Constants.m; sourceTree = "<group>"; };
		A2A2BF541C2EB05A00FF12D3 /* Constants.h */ = {isa = PBXFileReference; lastKnownFileType = sourcecode.c.h; name = Constants.h; path = Constants/Constants.h; sourceTree = "<group>"; };
		A2DEFBD21C2F542600F256C2 /* RxMatch+NSString.h */ = {isa = PBXFileReference; fileEncoding = 4; lastKnownFileType = sourcecode.c.h; name = "RxMatch+NSString.h"; path = "Models/RxMatch+NSString.h"; sourceTree = "<group>"; };
		A2DEFBD31C2F542600F256C2 /* RxMatch+NSString.m */ = {isa = PBXFileReference; fileEncoding = 4; lastKnownFileType = sourcecode.c.objc; name = "RxMatch+NSString.m"; path = "Models/RxMatch+NSString.m"; sourceTree = "<group>"; };
		A2F6F6711C23620E005E340D /* Chat App.app */ = {isa = PBXFileReference; explicitFileType = wrapper.application; includeInIndex = 0; path = "Chat App.app"; sourceTree = BUILT_PRODUCTS_DIR; };
		A2F6F6751C23620E005E340D /* main.m */ = {isa = PBXFileReference; lastKnownFileType = sourcecode.c.objc; path = main.m; sourceTree = "<group>"; };
		A2F6F6771C23620E005E340D /* AppDelegate.h */ = {isa = PBXFileReference; lastKnownFileType = sourcecode.c.h; path = AppDelegate.h; sourceTree = "<group>"; };
		A2F6F6781C23620E005E340D /* AppDelegate.m */ = {isa = PBXFileReference; lastKnownFileType = sourcecode.c.objc; path = AppDelegate.m; sourceTree = "<group>"; };
		A2F6F67A1C23620E005E340D /* ViewController.h */ = {isa = PBXFileReference; lastKnownFileType = sourcecode.c.h; path = ViewController.h; sourceTree = "<group>"; };
		A2F6F67B1C23620E005E340D /* ViewController.m */ = {isa = PBXFileReference; lastKnownFileType = sourcecode.c.objc; path = ViewController.m; sourceTree = "<group>"; };
		A2F6F67E1C23620E005E340D /* Base */ = {isa = PBXFileReference; lastKnownFileType = file.storyboard; name = Base; path = Base.lproj/Main.storyboard; sourceTree = "<group>"; };
		A2F6F6801C23620E005E340D /* Assets.xcassets */ = {isa = PBXFileReference; lastKnownFileType = folder.assetcatalog; path = Assets.xcassets; sourceTree = "<group>"; };
		A2F6F6831C23620E005E340D /* Base */ = {isa = PBXFileReference; lastKnownFileType = file.storyboard; name = Base; path = Base.lproj/LaunchScreen.storyboard; sourceTree = "<group>"; };
		A2F6F6851C23620E005E340D /* Info.plist */ = {isa = PBXFileReference; lastKnownFileType = text.plist.xml; path = Info.plist; sourceTree = "<group>"; };
		A2F6F68A1C23620E005E340D /* Chat AppTests.xctest */ = {isa = PBXFileReference; explicitFileType = wrapper.cfbundle; includeInIndex = 0; path = "Chat AppTests.xctest"; sourceTree = BUILT_PRODUCTS_DIR; };
		A2F6F68E1C23620E005E340D /* Chat_AppTests.m */ = {isa = PBXFileReference; lastKnownFileType = sourcecode.c.objc; path = Chat_AppTests.m; sourceTree = "<group>"; };
		A2F6F6901C23620E005E340D /* Info.plist */ = {isa = PBXFileReference; lastKnownFileType = text.plist.xml; path = Info.plist; sourceTree = "<group>"; };
		F38F84D73615599116B1EFAA /* Pods-Chat App.release.xcconfig */ = {isa = PBXFileReference; includeInIndex = 1; lastKnownFileType = text.xcconfig; name = "Pods-Chat App.release.xcconfig"; path = "Pods/Target Support Files/Pods-Chat App/Pods-Chat App.release.xcconfig"; sourceTree = "<group>"; };
/* End PBXFileReference section */

/* Begin PBXFrameworksBuildPhase section */
		A2F6F66E1C23620E005E340D /* Frameworks */ = {
			isa = PBXFrameworksBuildPhase;
			buildActionMask = 2147483647;
			files = (
				B3B6AF6DAB8A7BBE60EF53BA /* libPods-Chat App.a in Frameworks */,
			);
			runOnlyForDeploymentPostprocessing = 0;
		};
		A2F6F6871C23620E005E340D /* Frameworks */ = {
			isa = PBXFrameworksBuildPhase;
			buildActionMask = 2147483647;
			files = (
			);
			runOnlyForDeploymentPostprocessing = 0;
		};
/* End PBXFrameworksBuildPhase section */

/* Begin PBXGroup section */
		83EC6F17784F75CF630B68E6 /* Frameworks */ = {
			isa = PBXGroup;
			children = (
				9152EF9BC7B6B46B7161A25D /* libPods-Chat App.a */,
			);
			name = Frameworks;
			sourceTree = "<group>";
		};
		924AA3DB7007515F916607E0 /* Pods */ = {
			isa = PBXGroup;
			children = (
				487047232F2A354FC3C190C5 /* Pods-Chat App.debug.xcconfig */,
				F38F84D73615599116B1EFAA /* Pods-Chat App.release.xcconfig */,
			);
			name = Pods;
			sourceTree = "<group>";
		};
		A25B430D1C2C15CE00161760 /* Models */ = {
			isa = PBXGroup;
			children = (
				A2920EDC1C2C2E9A007C5235 /* ResponseModel.h */,
				A2920EDD1C2C2E9A007C5235 /* ResponseModel.m */,
				A2920EDF1C2C2F34007C5235 /* LinkModel.h */,
				A2920EE01C2C2F34007C5235 /* LinkModel.m */,
				A2DEFBD21C2F542600F256C2 /* RxMatch+NSString.h */,
				A2DEFBD31C2F542600F256C2 /* RxMatch+NSString.m */,
			);
			name = Models;
			sourceTree = "<group>";
		};
		A2920EE21C2C3587007C5235 /* HTTP */ = {
			isa = PBXGroup;
			children = (
				A2920EE31C2C368D007C5235 /* RESTClient.h */,
				A2920EE41C2C368D007C5235 /* RESTClientImpl.h */,
				A2920EE51C2C368D007C5235 /* RESTClientImpl.m */,
			);
			name = HTTP;
			sourceTree = "<group>";
		};
		A2A2BF551C2EB06000FF12D3 /* Constants */ = {
			isa = PBXGroup;
			children = (
				A2A2BF541C2EB05A00FF12D3 /* Constants.h */,
				A2A2BF521C2EB04900FF12D3 /* Constants.m */,
			);
			name = Constants;
			sourceTree = "<group>";
		};
		A2F6F6681C23620E005E340D = {
			isa = PBXGroup;
			children = (
				A2F6F6731C23620E005E340D /* Chat App */,
				A2F6F68D1C23620E005E340D /* Chat AppTests */,
				A2F6F6721C23620E005E340D /* Products */,
				924AA3DB7007515F916607E0 /* Pods */,
				83EC6F17784F75CF630B68E6 /* Frameworks */,
			);
			sourceTree = "<group>";
		};
		A2F6F6721C23620E005E340D /* Products */ = {
			isa = PBXGroup;
			children = (
				A2F6F6711C23620E005E340D /* Chat App.app */,
				A2F6F68A1C23620E005E340D /* Chat AppTests.xctest */,
			);
			name = Products;
			sourceTree = "<group>";
		};
		A2F6F6731C23620E005E340D /* Chat App */ = {
			isa = PBXGroup;
			children = (
				A2A2BF551C2EB06000FF12D3 /* Constants */,
				A2920EE21C2C3587007C5235 /* HTTP */,
				A25B430D1C2C15CE00161760 /* Models */,
				A2F6F6991C236788005E340D /* Views */,
				A2F6F6771C23620E005E340D /* AppDelegate.h */,
				A2F6F6781C23620E005E340D /* AppDelegate.m */,
				A2F6F67D1C23620E005E340D /* Main.storyboard */,
				A2F6F6801C23620E005E340D /* Assets.xcassets */,
				A2F6F6821C23620E005E340D /* LaunchScreen.storyboard */,
				A2F6F6851C23620E005E340D /* Info.plist */,
				A2F6F6741C23620E005E340D /* Supporting Files */,
			);
			path = "Chat App";
			sourceTree = "<group>";
		};
		A2F6F6741C23620E005E340D /* Supporting Files */ = {
			isa = PBXGroup;
			children = (
				A2F6F6751C23620E005E340D /* main.m */,
			);
			name = "Supporting Files";
			sourceTree = "<group>";
		};
		A2F6F68D1C23620E005E340D /* Chat AppTests */ = {
			isa = PBXGroup;
			children = (
				A2F6F68E1C23620E005E340D /* Chat_AppTests.m */,
				A2F6F6901C23620E005E340D /* Info.plist */,
			);
			path = "Chat AppTests";
			sourceTree = "<group>";
		};
		A2F6F6991C236788005E340D /* Views */ = {
			isa = PBXGroup;
			children = (
				A2F6F67A1C23620E005E340D /* ViewController.h */,
				A2F6F67B1C23620E005E340D /* ViewController.m */,
			);
			name = Views;
			sourceTree = "<group>";
		};
/* End PBXGroup section */

/* Begin PBXNativeTarget section */
		A2F6F6701C23620E005E340D /* Chat App */ = {
			isa = PBXNativeTarget;
			buildConfigurationList = A2F6F6931C23620E005E340D /* Build configuration list for PBXNativeTarget "Chat App" */;
			buildPhases = (
				B646DBBAF8187FD791207D07 /* Check Pods Manifest.lock */,
				A2F6F66D1C23620E005E340D /* Sources */,
				A2F6F66E1C23620E005E340D /* Frameworks */,
				A2F6F66F1C23620E005E340D /* Resources */,
				C34FDE19089456B7D3537894 /* Copy Pods Resources */,
				D659483AA0193F08EE4928AD /* Embed Pods Frameworks */,
			);
			buildRules = (
			);
			dependencies = (
			);
			name = "Chat App";
			productName = "Chat App";
			productReference = A2F6F6711C23620E005E340D /* Chat App.app */;
			productType = "com.apple.product-type.application";
		};
		A2F6F6891C23620E005E340D /* Chat AppTests */ = {
			isa = PBXNativeTarget;
			buildConfigurationList = A2F6F6961C23620E005E340D /* Build configuration list for PBXNativeTarget "Chat AppTests" */;
			buildPhases = (
				A2F6F6861C23620E005E340D /* Sources */,
				A2F6F6871C23620E005E340D /* Frameworks */,
				A2F6F6881C23620E005E340D /* Resources */,
			);
			buildRules = (
			);
			dependencies = (
				A2F6F68C1C23620E005E340D /* PBXTargetDependency */,
			);
			name = "Chat AppTests";
			productName = "Chat AppTests";
			productReference = A2F6F68A1C23620E005E340D /* Chat AppTests.xctest */;
			productType = "com.apple.product-type.bundle.unit-test";
		};
/* End PBXNativeTarget section */

/* Begin PBXProject section */
		A2F6F6691C23620E005E340D /* Project object */ = {
			isa = PBXProject;
			attributes = {
				LastUpgradeCheck = 0700;
				ORGANIZATIONNAME = Apro;
				TargetAttributes = {
					A2F6F6701C23620E005E340D = {
						CreatedOnToolsVersion = 7.0.1;
					};
					A2F6F6891C23620E005E340D = {
						CreatedOnToolsVersion = 7.0.1;
						TestTargetID = A2F6F6701C23620E005E340D;
					};
				};
			};
			buildConfigurationList = A2F6F66C1C23620E005E340D /* Build configuration list for PBXProject "Chat App" */;
			compatibilityVersion = "Xcode 3.2";
			developmentRegion = English;
			hasScannedForEncodings = 0;
			knownRegions = (
				en,
				Base,
			);
			mainGroup = A2F6F6681C23620E005E340D;
			productRefGroup = A2F6F6721C23620E005E340D /* Products */;
			projectDirPath = "";
			projectRoot = "";
			targets = (
				A2F6F6701C23620E005E340D /* Chat App */,
				A2F6F6891C23620E005E340D /* Chat AppTests */,
			);
		};
/* End PBXProject section */

/* Begin PBXResourcesBuildPhase section */
		A2F6F66F1C23620E005E340D /* Resources */ = {
			isa = PBXResourcesBuildPhase;
			buildActionMask = 2147483647;
			files = (
				A2F6F6841C23620E005E340D /* LaunchScreen.storyboard in Resources */,
				A2F6F6811C23620E005E340D /* Assets.xcassets in Resources */,
				A2F6F67F1C23620E005E340D /* Main.storyboard in Resources */,
			);
			runOnlyForDeploymentPostprocessing = 0;
		};
		A2F6F6881C23620E005E340D /* Resources */ = {
			isa = PBXResourcesBuildPhase;
			buildActionMask = 2147483647;
			files = (
			);
			runOnlyForDeploymentPostprocessing = 0;
		};
/* End PBXResourcesBuildPhase section */

/* Begin PBXShellScriptBuildPhase section */
		B646DBBAF8187FD791207D07 /* Check Pods Manifest.lock */ = {
			isa = PBXShellScriptBuildPhase;
			buildActionMask = 2147483647;
			files = (
			);
			inputPaths = (
			);
			name = "Check Pods Manifest.lock";
			outputPaths = (
			);
			runOnlyForDeploymentPostprocessing = 0;
			shellPath = /bin/sh;
			shellScript = "diff \"${PODS_ROOT}/../Podfile.lock\" \"${PODS_ROOT}/Manifest.lock\" > /dev/null\nif [[ $? != 0 ]] ; then\n    cat << EOM\nerror: The sandbox is not in sync with the Podfile.lock. Run 'pod install' or update your CocoaPods installation.\nEOM\n    exit 1\nfi\n";
			showEnvVarsInLog = 0;
		};
		C34FDE19089456B7D3537894 /* Copy Pods Resources */ = {
			isa = PBXShellScriptBuildPhase;
			buildActionMask = 2147483647;
			files = (
			);
			inputPaths = (
			);
			name = "Copy Pods Resources";
			outputPaths = (
			);
			runOnlyForDeploymentPostprocessing = 0;
			shellPath = /bin/sh;
			shellScript = "\"${SRCROOT}/Pods/Target Support Files/Pods-Chat App/Pods-Chat App-resources.sh\"\n";
			showEnvVarsInLog = 0;
		};
		D659483AA0193F08EE4928AD /* Embed Pods Frameworks */ = {
			isa = PBXShellScriptBuildPhase;
			buildActionMask = 2147483647;
			files = (
			);
			inputPaths = (
			);
			name = "Embed Pods Frameworks";
			outputPaths = (
			);
			runOnlyForDeploymentPostprocessing = 0;
			shellPath = /bin/sh;
			shellScript = "\"${SRCROOT}/Pods/Target Support Files/Pods-Chat App/Pods-Chat App-frameworks.sh\"\n";
			showEnvVarsInLog = 0;
		};
/* End PBXShellScriptBuildPhase section */

/* Begin PBXSourcesBuildPhase section */
		A2F6F66D1C23620E005E340D /* Sources */ = {
			isa = PBXSourcesBuildPhase;
			buildActionMask = 2147483647;
			files = (
				A2920EDE1C2C2E9A007C5235 /* ResponseModel.m in Sources */,
				A2F6F67C1C23620E005E340D /* ViewController.m in Sources */,
				A2920EE61C2C368D007C5235 /* RESTClientImpl.m in Sources */,
				A2920EE11C2C2F34007C5235 /* LinkModel.m in Sources */,
				A2F6F6791C23620E005E340D /* AppDelegate.m in Sources */,
				A2A2BF531C2EB04900FF12D3 /* Constants.m in Sources */,
				A2F6F6761C23620E005E340D /* main.m in Sources */,
				A2DEFBD41C2F542600F256C2 /* RxMatch+NSString.m in Sources */,
			);
			runOnlyForDeploymentPostprocessing = 0;
		};
		A2F6F6861C23620E005E340D /* Sources */ = {
			isa = PBXSourcesBuildPhase;
			buildActionMask = 2147483647;
			files = (
				A2F6F68F1C23620E005E340D /* Chat_AppTests.m in Sources */,
			);
			runOnlyForDeploymentPostprocessing = 0;
		};
/* End PBXSourcesBuildPhase section */

/* Begin PBXTargetDependency section */
		A2F6F68C1C23620E005E340D /* PBXTargetDependency */ = {
			isa = PBXTargetDependency;
			target = A2F6F6701C23620E005E340D /* Chat App */;
			targetProxy = A2F6F68B1C23620E005E340D /* PBXContainerItemProxy */;
		};
/* End PBXTargetDependency section */

/* Begin PBXVariantGroup section */
		A2F6F67D1C23620E005E340D /* Main.storyboard */ = {
			isa = PBXVariantGroup;
			children = (
				A2F6F67E1C23620E005E340D /* Base */,
			);
			name = Main.storyboard;
			sourceTree = "<group>";
		};
		A2F6F6821C23620E005E340D /* LaunchScreen.storyboard */ = {
			isa = PBXVariantGroup;
			children = (
				A2F6F6831C23620E005E340D /* Base */,
			);
			name = LaunchScreen.storyboard;
			sourceTree = "<group>";
		};
/* End PBXVariantGroup section */

/* Begin XCBuildConfiguration section */
		A2F6F6911C23620E005E340D /* Debug */ = {
			isa = XCBuildConfiguration;
			buildSettings = {
				ALWAYS_SEARCH_USER_PATHS = NO;
				CLANG_CXX_LANGUAGE_STANDARD = "gnu++0x";
				CLANG_CXX_LIBRARY = "libc++";
				CLANG_ENABLE_MODULES = YES;
				CLANG_ENABLE_OBJC_ARC = YES;
				CLANG_WARN_BOOL_CONVERSION = YES;
				CLANG_WARN_CONSTANT_CONVERSION = YES;
				CLANG_WARN_DIRECT_OBJC_ISA_USAGE = YES_ERROR;
				CLANG_WARN_EMPTY_BODY = YES;
				CLANG_WARN_ENUM_CONVERSION = YES;
				CLANG_WARN_INT_CONVERSION = YES;
				CLANG_WARN_OBJC_ROOT_CLASS = YES_ERROR;
				CLANG_WARN_UNREACHABLE_CODE = YES;
				CLANG_WARN__DUPLICATE_METHOD_MATCH = YES;
				"CODE_SIGN_IDENTITY[sdk=iphoneos*]" = "iPhone Developer";
				COPY_PHASE_STRIP = NO;
				DEBUG_INFORMATION_FORMAT = dwarf;
				ENABLE_STRICT_OBJC_MSGSEND = YES;
				ENABLE_TESTABILITY = YES;
				GCC_C_LANGUAGE_STANDARD = gnu99;
				GCC_DYNAMIC_NO_PIC = NO;
				GCC_NO_COMMON_BLOCKS = YES;
				GCC_OPTIMIZATION_LEVEL = 0;
				GCC_PREPROCESSOR_DEFINITIONS = (
					"DEBUG=1",
					"$(inherited)",
				);
				GCC_WARN_64_TO_32_BIT_CONVERSION = YES;
				GCC_WARN_ABOUT_RETURN_TYPE = YES_ERROR;
				GCC_WARN_UNDECLARED_SELECTOR = YES;
				GCC_WARN_UNINITIALIZED_AUTOS = YES_AGGRESSIVE;
				GCC_WARN_UNUSED_FUNCTION = YES;
				GCC_WARN_UNUSED_VARIABLE = YES;
				IPHONEOS_DEPLOYMENT_TARGET = 9.0;
				MTL_ENABLE_DEBUG_INFO = YES;
				ONLY_ACTIVE_ARCH = YES;
				SDKROOT = iphoneos;
			};
			name = Debug;
		};
		A2F6F6921C23620E005E340D /* Release */ = {
			isa = XCBuildConfiguration;
			buildSettings = {
				ALWAYS_SEARCH_USER_PATHS = NO;
				CLANG_CXX_LANGUAGE_STANDARD = "gnu++0x";
				CLANG_CXX_LIBRARY = "libc++";
				CLANG_ENABLE_MODULES = YES;
				CLANG_ENABLE_OBJC_ARC = YES;
				CLANG_WARN_BOOL_CONVERSION = YES;
				CLANG_WARN_CONSTANT_CONVERSION = YES;
				CLANG_WARN_DIRECT_OBJC_ISA_USAGE = YES_ERROR;
				CLANG_WARN_EMPTY_BODY = YES;
				CLANG_WARN_ENUM_CONVERSION = YES;
				CLANG_WARN_INT_CONVERSION = YES;
				CLANG_WARN_OBJC_ROOT_CLASS = YES_ERROR;
				CLANG_WARN_UNREACHABLE_CODE = YES;
				CLANG_WARN__DUPLICATE_METHOD_MATCH = YES;
				"CODE_SIGN_IDENTITY[sdk=iphoneos*]" = "iPhone Developer";
				COPY_PHASE_STRIP = NO;
				DEBUG_INFORMATION_FORMAT = "dwarf-with-dsym";
				ENABLE_NS_ASSERTIONS = NO;
				ENABLE_STRICT_OBJC_MSGSEND = YES;
				GCC_C_LANGUAGE_STANDARD = gnu99;
				GCC_NO_COMMON_BLOCKS = YES;
				GCC_WARN_64_TO_32_BIT_CONVERSION = YES;
				GCC_WARN_ABOUT_RETURN_TYPE = YES_ERROR;
				GCC_WARN_UNDECLARED_SELECTOR = YES;
				GCC_WARN_UNINITIALIZED_AUTOS = YES_AGGRESSIVE;
				GCC_WARN_UNUSED_FUNCTION = YES;
				GCC_WARN_UNUSED_VARIABLE = YES;
				IPHONEOS_DEPLOYMENT_TARGET = 9.0;
				MTL_ENABLE_DEBUG_INFO = NO;
				SDKROOT = iphoneos;
				VALIDATE_PRODUCT = YES;
			};
			name = Release;
		};
		A2F6F6941C23620E005E340D /* Debug */ = {
			isa = XCBuildConfiguration;
			baseConfigurationReference = 487047232F2A354FC3C190C5 /* Pods-Chat App.debug.xcconfig */;
			buildSettings = {
				ASSETCATALOG_COMPILER_APPICON_NAME = AppIcon;
				INFOPLIST_FILE = "Chat App/Info.plist";
				LD_RUNPATH_SEARCH_PATHS = "$(inherited) @executable_path/Frameworks";
				PRODUCT_BUNDLE_IDENTIFIER = "com.github.aprofromindia.Chat-App";
				PRODUCT_NAME = "$(TARGET_NAME)";
			};
			name = Debug;
		};
		A2F6F6951C23620E005E340D /* Release */ = {
			isa = XCBuildConfiguration;
			baseConfigurationReference = F38F84D73615599116B1EFAA /* Pods-Chat App.release.xcconfig */;
			buildSettings = {
				ASSETCATALOG_COMPILER_APPICON_NAME = AppIcon;
				INFOPLIST_FILE = "Chat App/Info.plist";
				LD_RUNPATH_SEARCH_PATHS = "$(inherited) @executable_path/Frameworks";
				PRODUCT_BUNDLE_IDENTIFIER = "com.github.aprofromindia.Chat-App";
				PRODUCT_NAME = "$(TARGET_NAME)";
			};
			name = Release;
		};
		A2F6F6971C23620E005E340D /* Debug */ = {
			isa = XCBuildConfiguration;
			buildSettings = {
				BUNDLE_LOADER = "$(TEST_HOST)";
				INFOPLIST_FILE = "Chat AppTests/Info.plist";
				LD_RUNPATH_SEARCH_PATHS = "$(inherited) @executable_path/Frameworks @loader_path/Frameworks";
				PRODUCT_BUNDLE_IDENTIFIER = "com.github.aprofromindia.Chat-AppTests";
				PRODUCT_NAME = "$(TARGET_NAME)";
				TEST_HOST = "$(BUILT_PRODUCTS_DIR)/Chat App.app/Chat App";
			};
			name = Debug;
		};
		A2F6F6981C23620E005E340D /* Release */ = {
			isa = XCBuildConfiguration;
			buildSettings = {
				BUNDLE_LOADER = "$(TEST_HOST)";
				INFOPLIST_FILE = "Chat AppTests/Info.plist";
				LD_RUNPATH_SEARCH_PATHS = "$(inherited) @executable_path/Frameworks @loader_path/Frameworks";
				PRODUCT_BUNDLE_IDENTIFIER = "com.github.aprofromindia.Chat-AppTests";
				PRODUCT_NAME = "$(TARGET_NAME)";
				TEST_HOST = "$(BUILT_PRODUCTS_DIR)/Chat App.app/Chat App";
			};
			name = Release;
		};
/* End XCBuildConfiguration section */

/* Begin XCConfigurationList section */
		A2F6F66C1C23620E005E340D /* Build configuration list for PBXProject "Chat App" */ = {
			isa = XCConfigurationList;
			buildConfigurations = (
				A2F6F6911C23620E005E340D /* Debug */,
				A2F6F6921C23620E005E340D /* Release */,
			);
			defaultConfigurationIsVisible = 0;
			defaultConfigurationName = Release;
		};
		A2F6F6931C23620E005E340D /* Build configuration list for PBXNativeTarget "Chat App" */ = {
			isa = XCConfigurationList;
			buildConfigurations = (
				A2F6F6941C23620E005E340D /* Debug */,
				A2F6F6951C23620E005E340D /* Release */,
			);
			defaultConfigurationIsVisible = 0;
			defaultConfigurationName = Release;
		};
		A2F6F6961C23620E005E340D /* Build configuration list for PBXNativeTarget "Chat AppTests" */ = {
			isa = XCConfigurationList;
			buildConfigurations = (
				A2F6F6971C23620E005E340D /* Debug */,
				A2F6F6981C23620E005E340D /* Release */,
			);
			defaultConfigurationIsVisible = 0;
			defaultConfigurationName = Release;
		};
/* End XCConfigurationList section */
	};
	rootObject = A2F6F6691C23620E005E340D /* Project object */;
}
